// !$*UTF8*$!
{
	archiveVersion = 1;
	classes = {
	};
	objectVersion = 50;
	objects = {

/* Begin PBXBuildFile section */
		058557BB273AAA24004C7B11 /* Assets.xcassets in Resources */ = {isa = PBXBuildFile; fileRef = 058557BA273AAA24004C7B11 /* Assets.xcassets */; };
		1F231AA32CE3056E00FFFEF5 /* UICollectionView+extensions.swift in Sources */ = {isa = PBXBuildFile; fileRef = 1F231AA22CE3056500FFFEF5 /* UICollectionView+extensions.swift */; };
		1F231AA52CE3064C00FFFEF5 /* MarketViewCell.swift in Sources */ = {isa = PBXBuildFile; fileRef = 1F231AA42CE3064C00FFFEF5 /* MarketViewCell.swift */; };
		1F231AAA2CE3421A00FFFEF5 /* TrendingViewController.swift in Sources */ = {isa = PBXBuildFile; fileRef = 1F231AA92CE3421A00FFFEF5 /* TrendingViewController.swift */; };
		1F231AAB2CE3421A00FFFEF5 /* FavoriteViewController.swift in Sources */ = {isa = PBXBuildFile; fileRef = 1F231AA72CE3421A00FFFEF5 /* FavoriteViewController.swift */; };
		1F231AAC2CE3421A00FFFEF5 /* MarketDetailViewController.swift in Sources */ = {isa = PBXBuildFile; fileRef = 1F231AA82CE3421A00FFFEF5 /* MarketDetailViewController.swift */; };
		1F231AB22CE357C800FFFEF5 /* HomeWireframe.swift in Sources */ = {isa = PBXBuildFile; fileRef = 1F231AB12CE357C000FFFEF5 /* HomeWireframe.swift */; };
		1F231AB42CE357D900FFFEF5 /* HomeWireframeFactory.swift in Sources */ = {isa = PBXBuildFile; fileRef = 1F231AB32CE357D900FFFEF5 /* HomeWireframeFactory.swift */; };
		1F231AB62CE3589800FFFEF5 /* FavoriteWireframe.swift in Sources */ = {isa = PBXBuildFile; fileRef = 1F231AB52CE3588900FFFEF5 /* FavoriteWireframe.swift */; };
		1F231AB82CE358A800FFFEF5 /* FavoriteWireframeFactory.swift in Sources */ = {isa = PBXBuildFile; fileRef = 1F231AB72CE3589F00FFFEF5 /* FavoriteWireframeFactory.swift */; };
		1F231ABA2CE358BB00FFFEF5 /* MarketDetailWireframe.swift in Sources */ = {isa = PBXBuildFile; fileRef = 1F231AB92CE358B300FFFEF5 /* MarketDetailWireframe.swift */; };
		1F231ABC2CE358CF00FFFEF5 /* MarketDetailWireframeFactory.swift in Sources */ = {isa = PBXBuildFile; fileRef = 1F231ABB2CE358C700FFFEF5 /* MarketDetailWireframeFactory.swift */; };
		1F231ABE2CE358DC00FFFEF5 /* TrendingWireframe.swift in Sources */ = {isa = PBXBuildFile; fileRef = 1F231ABD2CE358D800FFFEF5 /* TrendingWireframe.swift */; };
		1F231AC02CE358E900FFFEF5 /* TrendingWireframeFactory.swift in Sources */ = {isa = PBXBuildFile; fileRef = 1F231ABF2CE358E200FFFEF5 /* TrendingWireframeFactory.swift */; };
		1F231AC22CE36BF000FFFEF5 /* RootWireframeFactory.swift in Sources */ = {isa = PBXBuildFile; fileRef = 1F231AC12CE36BE500FFFEF5 /* RootWireframeFactory.swift */; };
		1F231AC42CE36BFC00FFFEF5 /* RootWireframe.swift in Sources */ = {isa = PBXBuildFile; fileRef = 1F231AC32CE36BF700FFFEF5 /* RootWireframe.swift */; };
		1F231AC62CE370DE00FFFEF5 /* Boostrap.swift in Sources */ = {isa = PBXBuildFile; fileRef = 1F231AC52CE370DB00FFFEF5 /* Boostrap.swift */; };
		1FDD1DD22CDA7C0100724264 /* AppDelegate.swift in Sources */ = {isa = PBXBuildFile; fileRef = 1FDD1DD12CDA7BF800724264 /* AppDelegate.swift */; };
		1FDD1DD42CDA7C5A00724264 /* SceneDelegate.swift in Sources */ = {isa = PBXBuildFile; fileRef = 1FDD1DD32CDA7C5500724264 /* SceneDelegate.swift */; };
		1FDD1DD82CDA7E5B00724264 /* HomeViewController.swift in Sources */ = {isa = PBXBuildFile; fileRef = 1FDD1DD72CDA7E5B00724264 /* HomeViewController.swift */; };
		1FDD1DDA2CDA7E6B00724264 /* Main.storyboard in Resources */ = {isa = PBXBuildFile; fileRef = 1FDD1DD92CDA7E6B00724264 /* Main.storyboard */; };
		1FDD1DDC2CDA83D900724264 /* Launch Screen.storyboard in Resources */ = {isa = PBXBuildFile; fileRef = 1FDD1DDB2CDA83D900724264 /* Launch Screen.storyboard */; };
		1FDD1DE02CDAA69300724264 /* Storyboard+extensions.swift in Sources */ = {isa = PBXBuildFile; fileRef = 1FDD1DDF2CDAA69300724264 /* Storyboard+extensions.swift */; };
/* End PBXBuildFile section */

/* Begin PBXCopyFilesBuildPhase section */
		7555FFB4242A642300829871 /* Embed Frameworks */ = {
			isa = PBXCopyFilesBuildPhase;
			buildActionMask = 2147483647;
			dstPath = "";
			dstSubfolderSpec = 10;
			files = (
			);
			name = "Embed Frameworks";
			runOnlyForDeploymentPostprocessing = 0;
		};
/* End PBXCopyFilesBuildPhase section */

/* Begin PBXFileReference section */
		058557BA273AAA24004C7B11 /* Assets.xcassets */ = {isa = PBXFileReference; lastKnownFileType = folder.assetcatalog; path = Assets.xcassets; sourceTree = "<group>"; };
		1F231AA22CE3056500FFFEF5 /* UICollectionView+extensions.swift */ = {isa = PBXFileReference; lastKnownFileType = sourcecode.swift; path = "UICollectionView+extensions.swift"; sourceTree = "<group>"; };
		1F231AA42CE3064C00FFFEF5 /* MarketViewCell.swift */ = {isa = PBXFileReference; lastKnownFileType = sourcecode.swift; path = MarketViewCell.swift; sourceTree = "<group>"; };
		1F231AA72CE3421A00FFFEF5 /* FavoriteViewController.swift */ = {isa = PBXFileReference; lastKnownFileType = sourcecode.swift; path = FavoriteViewController.swift; sourceTree = "<group>"; };
		1F231AA82CE3421A00FFFEF5 /* MarketDetailViewController.swift */ = {isa = PBXFileReference; lastKnownFileType = sourcecode.swift; path = MarketDetailViewController.swift; sourceTree = "<group>"; };
		1F231AA92CE3421A00FFFEF5 /* TrendingViewController.swift */ = {isa = PBXFileReference; lastKnownFileType = sourcecode.swift; path = TrendingViewController.swift; sourceTree = "<group>"; };
		1F231AB12CE357C000FFFEF5 /* HomeWireframe.swift */ = {isa = PBXFileReference; lastKnownFileType = sourcecode.swift; path = HomeWireframe.swift; sourceTree = "<group>"; };
		1F231AB32CE357D900FFFEF5 /* HomeWireframeFactory.swift */ = {isa = PBXFileReference; lastKnownFileType = sourcecode.swift; path = HomeWireframeFactory.swift; sourceTree = "<group>"; };
		1F231AB52CE3588900FFFEF5 /* FavoriteWireframe.swift */ = {isa = PBXFileReference; lastKnownFileType = sourcecode.swift; path = FavoriteWireframe.swift; sourceTree = "<group>"; };
		1F231AB72CE3589F00FFFEF5 /* FavoriteWireframeFactory.swift */ = {isa = PBXFileReference; lastKnownFileType = sourcecode.swift; path = FavoriteWireframeFactory.swift; sourceTree = "<group>"; };
		1F231AB92CE358B300FFFEF5 /* MarketDetailWireframe.swift */ = {isa = PBXFileReference; lastKnownFileType = sourcecode.swift; path = MarketDetailWireframe.swift; sourceTree = "<group>"; };
		1F231ABB2CE358C700FFFEF5 /* MarketDetailWireframeFactory.swift */ = {isa = PBXFileReference; lastKnownFileType = sourcecode.swift; path = MarketDetailWireframeFactory.swift; sourceTree = "<group>"; };
		1F231ABD2CE358D800FFFEF5 /* TrendingWireframe.swift */ = {isa = PBXFileReference; lastKnownFileType = sourcecode.swift; path = TrendingWireframe.swift; sourceTree = "<group>"; };
		1F231ABF2CE358E200FFFEF5 /* TrendingWireframeFactory.swift */ = {isa = PBXFileReference; lastKnownFileType = sourcecode.swift; path = TrendingWireframeFactory.swift; sourceTree = "<group>"; };
		1F231AC12CE36BE500FFFEF5 /* RootWireframeFactory.swift */ = {isa = PBXFileReference; lastKnownFileType = sourcecode.swift; path = RootWireframeFactory.swift; sourceTree = "<group>"; };
		1F231AC32CE36BF700FFFEF5 /* RootWireframe.swift */ = {isa = PBXFileReference; lastKnownFileType = sourcecode.swift; path = RootWireframe.swift; sourceTree = "<group>"; };
		1F231AC52CE370DB00FFFEF5 /* Boostrap.swift */ = {isa = PBXFileReference; lastKnownFileType = sourcecode.swift; path = Boostrap.swift; sourceTree = "<group>"; };
		1FDD1DD12CDA7BF800724264 /* AppDelegate.swift */ = {isa = PBXFileReference; lastKnownFileType = sourcecode.swift; path = AppDelegate.swift; sourceTree = "<group>"; };
		1FDD1DD32CDA7C5500724264 /* SceneDelegate.swift */ = {isa = PBXFileReference; lastKnownFileType = sourcecode.swift; path = SceneDelegate.swift; sourceTree = "<group>"; };
		1FDD1DD72CDA7E5B00724264 /* HomeViewController.swift */ = {isa = PBXFileReference; lastKnownFileType = sourcecode.swift; path = HomeViewController.swift; sourceTree = "<group>"; };
		1FDD1DD92CDA7E6B00724264 /* Main.storyboard */ = {isa = PBXFileReference; lastKnownFileType = file.storyboard; path = Main.storyboard; sourceTree = "<group>"; };
		1FDD1DDB2CDA83D900724264 /* Launch Screen.storyboard */ = {isa = PBXFileReference; lastKnownFileType = file.storyboard; path = "Launch Screen.storyboard"; sourceTree = "<group>"; };
		1FDD1DDF2CDAA69300724264 /* Storyboard+extensions.swift */ = {isa = PBXFileReference; lastKnownFileType = sourcecode.swift; path = "Storyboard+extensions.swift"; sourceTree = "<group>"; };
		7555FF7B242A565900829871 /* iosApp.app */ = {isa = PBXFileReference; explicitFileType = wrapper.application; includeInIndex = 0; path = iosApp.app; sourceTree = BUILT_PRODUCTS_DIR; };
		7555FF8C242A565B00829871 /* Info.plist */ = {isa = PBXFileReference; lastKnownFileType = text.plist.xml; path = Info.plist; sourceTree = "<group>"; };
/* End PBXFileReference section */

/* Begin PBXFrameworksBuildPhase section */
		7555FF78242A565900829871 /* Frameworks */ = {
			isa = PBXFrameworksBuildPhase;
			buildActionMask = 2147483647;
			files = (
			);
			runOnlyForDeploymentPostprocessing = 0;
		};
/* End PBXFrameworksBuildPhase section */

/* Begin PBXGroup section */
		1F231AA62CE3065100FFFEF5 /* Views */ = {
			isa = PBXGroup;
			children = (
				1F231AA42CE3064C00FFFEF5 /* MarketViewCell.swift */,
			);
			path = Views;
			sourceTree = "<group>";
		};
		1F231AAD2CE3575600FFFEF5 /* Home */ = {
			isa = PBXGroup;
			children = (
				1FDD1DD72CDA7E5B00724264 /* HomeViewController.swift */,
				1F231AB12CE357C000FFFEF5 /* HomeWireframe.swift */,
				1F231AB32CE357D900FFFEF5 /* HomeWireframeFactory.swift */,
			);
			path = Home;
			sourceTree = "<group>";
		};
		1F231AAE2CE3575F00FFFEF5 /* Favorite */ = {
			isa = PBXGroup;
			children = (
				1F231AB72CE3589F00FFFEF5 /* FavoriteWireframeFactory.swift */,
				1F231AA72CE3421A00FFFEF5 /* FavoriteViewController.swift */,
				1F231AB52CE3588900FFFEF5 /* FavoriteWireframe.swift */,
			);
			path = Favorite;
			sourceTree = "<group>";
		};
		1F231AAF2CE3576800FFFEF5 /* MarketDetail */ = {
			isa = PBXGroup;
			children = (
				1F231ABB2CE358C700FFFEF5 /* MarketDetailWireframeFactory.swift */,
				1F231AB92CE358B300FFFEF5 /* MarketDetailWireframe.swift */,
				1F231AA82CE3421A00FFFEF5 /* MarketDetailViewController.swift */,
			);
			path = MarketDetail;
			sourceTree = "<group>";
		};
		1F231AB02CE3577200FFFEF5 /* Trending */ = {
			isa = PBXGroup;
			children = (
				1F231ABF2CE358E200FFFEF5 /* TrendingWireframeFactory.swift */,
				1F231ABD2CE358D800FFFEF5 /* TrendingWireframe.swift */,
				1F231AA92CE3421A00FFFEF5 /* TrendingViewController.swift */,
			);
			path = Trending;
			sourceTree = "<group>";
		};
		1FB866602CDAB3C000E7129C /* Root */ = {
			isa = PBXGroup;
			children = (
				1F231AC32CE36BF700FFFEF5 /* RootWireframe.swift */,
				1F231AC12CE36BE500FFFEF5 /* RootWireframeFactory.swift */,
			);
			path = Root;
			sourceTree = "<group>";
		};
		1FDD1DE12CDAA69900724264 /* Common */ = {
			isa = PBXGroup;
			children = (
				1FDD1DE22CDAA6A400724264 /* Extensions */,
				1F231AA62CE3065100FFFEF5 /* Views */,
			);
			path = Common;
			sourceTree = "<group>";
		};
		1FDD1DE22CDAA6A400724264 /* Extensions */ = {
			isa = PBXGroup;
			children = (
				1FDD1DDF2CDAA69300724264 /* Storyboard+extensions.swift */,
				1F231AA22CE3056500FFFEF5 /* UICollectionView+extensions.swift */,
			);
			path = Extensions;
			sourceTree = "<group>";
		};
		1FDD1DE32CDAA70800724264 /* Modules */ = {
			isa = PBXGroup;
			children = (
				1FB866602CDAB3C000E7129C /* Root */,
				1F231AAD2CE3575600FFFEF5 /* Home */,
				1F231AAE2CE3575F00FFFEF5 /* Favorite */,
				1F231AAF2CE3576800FFFEF5 /* MarketDetail */,
				1F231AB02CE3577200FFFEF5 /* Trending */,
			);
			path = Modules;
			sourceTree = "<group>";
		};
		7555FF72242A565900829871 = {
			isa = PBXGroup;
			children = (
				7555FF7D242A565900829871 /* iosApp */,
				7555FF7C242A565900829871 /* Products */,
				7555FFB0242A642200829871 /* Frameworks */,
			);
			sourceTree = "<group>";
		};
		7555FF7C242A565900829871 /* Products */ = {
			isa = PBXGroup;
			children = (
				7555FF7B242A565900829871 /* iosApp.app */,
			);
			name = Products;
			sourceTree = "<group>";
		};
		7555FF7D242A565900829871 /* iosApp */ = {
			isa = PBXGroup;
			children = (
				1FDD1DD12CDA7BF800724264 /* AppDelegate.swift */,
				1FDD1DD32CDA7C5500724264 /* SceneDelegate.swift */,
				1F231AC52CE370DB00FFFEF5 /* Boostrap.swift */,
				1FDD1DE32CDAA70800724264 /* Modules */,
				1FDD1DE12CDAA69900724264 /* Common */,
				058557BA273AAA24004C7B11 /* Assets.xcassets */,
				7555FF8C242A565B00829871 /* Info.plist */,
				1FDD1DDB2CDA83D900724264 /* Launch Screen.storyboard */,
				1FDD1DD92CDA7E6B00724264 /* Main.storyboard */,
			);
			path = iosApp;
			sourceTree = "<group>";
		};
		7555FFB0242A642200829871 /* Frameworks */ = {
			isa = PBXGroup;
			children = (
			);
			name = Frameworks;
			sourceTree = "<group>";
		};
/* End PBXGroup section */

/* Begin PBXNativeTarget section */
		7555FF7A242A565900829871 /* iosApp */ = {
			isa = PBXNativeTarget;
			buildConfigurationList = 7555FFA5242A565B00829871 /* Build configuration list for PBXNativeTarget "iosApp" */;
			buildPhases = (
				7555FFB5242A651A00829871 /* ShellScript */,
				7555FF77242A565900829871 /* Sources */,
				7555FF78242A565900829871 /* Frameworks */,
				7555FF79242A565900829871 /* Resources */,
				7555FFB4242A642300829871 /* Embed Frameworks */,
			);
			buildRules = (
			);
			dependencies = (
			);
			name = iosApp;
			productName = iosApp;
			productReference = 7555FF7B242A565900829871 /* iosApp.app */;
			productType = "com.apple.product-type.application";
		};
/* End PBXNativeTarget section */

/* Begin PBXProject section */
		7555FF73242A565900829871 /* Project object */ = {
			isa = PBXProject;
			attributes = {
				LastSwiftUpdateCheck = 1130;
				LastUpgradeCheck = 1130;
				ORGANIZATIONNAME = orgName;
				TargetAttributes = {
					7555FF7A242A565900829871 = {
						CreatedOnToolsVersion = 11.3.1;
					};
				};
			};
			buildConfigurationList = 7555FF76242A565900829871 /* Build configuration list for PBXProject "iosApp" */;
			compatibilityVersion = "Xcode 9.3";
			developmentRegion = en;
			hasScannedForEncodings = 0;
			knownRegions = (
				en,
				Base,
			);
			mainGroup = 7555FF72242A565900829871;
			productRefGroup = 7555FF7C242A565900829871 /* Products */;
			projectDirPath = "";
			projectRoot = "";
			targets = (
				7555FF7A242A565900829871 /* iosApp */,
			);
		};
/* End PBXProject section */

/* Begin PBXResourcesBuildPhase section */
		7555FF79242A565900829871 /* Resources */ = {
			isa = PBXResourcesBuildPhase;
			buildActionMask = 2147483647;
			files = (
				1FDD1DDC2CDA83D900724264 /* Launch Screen.storyboard in Resources */,
				058557BB273AAA24004C7B11 /* Assets.xcassets in Resources */,
				1FDD1DDA2CDA7E6B00724264 /* Main.storyboard in Resources */,
			);
			runOnlyForDeploymentPostprocessing = 0;
		};
/* End PBXResourcesBuildPhase section */

/* Begin PBXShellScriptBuildPhase section */
		7555FFB5242A651A00829871 /* ShellScript */ = {
			isa = PBXShellScriptBuildPhase;
			buildActionMask = 2147483647;
			files = (
			);
			inputFileListPaths = (
			);
			inputPaths = (
			);
			outputFileListPaths = (
			);
			outputPaths = (
			);
			runOnlyForDeploymentPostprocessing = 0;
			shellPath = /bin/sh;
			shellScript = "cd \"$SRCROOT/..\"\n./gradlew :shared:embedAndSignAppleFrameworkForXcode\n";
		};
/* End PBXShellScriptBuildPhase section */

/* Begin PBXSourcesBuildPhase section */
		7555FF77242A565900829871 /* Sources */ = {
			isa = PBXSourcesBuildPhase;
			buildActionMask = 2147483647;
			files = (
				1F231AC42CE36BFC00FFFEF5 /* RootWireframe.swift in Sources */,
				1F231AA32CE3056E00FFFEF5 /* UICollectionView+extensions.swift in Sources */,
				1F231AB82CE358A800FFFEF5 /* FavoriteWireframeFactory.swift in Sources */,
				1F231AC62CE370DE00FFFEF5 /* Boostrap.swift in Sources */,
				1F231AAA2CE3421A00FFFEF5 /* TrendingViewController.swift in Sources */,
				1F231ABA2CE358BB00FFFEF5 /* MarketDetailWireframe.swift in Sources */,
				1F231AB62CE3589800FFFEF5 /* FavoriteWireframe.swift in Sources */,
				1F231AC22CE36BF000FFFEF5 /* RootWireframeFactory.swift in Sources */,
				1F231AAB2CE3421A00FFFEF5 /* FavoriteViewController.swift in Sources */,
				1F231ABC2CE358CF00FFFEF5 /* MarketDetailWireframeFactory.swift in Sources */,
				1F231AAC2CE3421A00FFFEF5 /* MarketDetailViewController.swift in Sources */,
				1F231AC02CE358E900FFFEF5 /* TrendingWireframeFactory.swift in Sources */,
				1FDD1DD82CDA7E5B00724264 /* HomeViewController.swift in Sources */,
				1FDD1DE02CDAA69300724264 /* Storyboard+extensions.swift in Sources */,
				1F231ABE2CE358DC00FFFEF5 /* TrendingWireframe.swift in Sources */,
				1FDD1DD42CDA7C5A00724264 /* SceneDelegate.swift in Sources */,
				1F231AB42CE357D900FFFEF5 /* HomeWireframeFactory.swift in Sources */,
				1F231AA52CE3064C00FFFEF5 /* MarketViewCell.swift in Sources */,
				1FDD1DD22CDA7C0100724264 /* AppDelegate.swift in Sources */,
				1F231AB22CE357C800FFFEF5 /* HomeWireframe.swift in Sources */,
			);
			runOnlyForDeploymentPostprocessing = 0;
		};
/* End PBXSourcesBuildPhase section */

/* Begin XCBuildConfiguration section */
		7555FFA3242A565B00829871 /* Debug */ = {
			isa = XCBuildConfiguration;
			buildSettings = {
				ALWAYS_SEARCH_USER_PATHS = NO;
				CLANG_ANALYZER_NONNULL = YES;
				CLANG_ANALYZER_NUMBER_OBJECT_CONVERSION = YES_AGGRESSIVE;
				CLANG_CXX_LANGUAGE_STANDARD = "gnu++14";
				CLANG_CXX_LIBRARY = "libc++";
				CLANG_ENABLE_MODULES = YES;
				CLANG_ENABLE_OBJC_ARC = YES;
				CLANG_ENABLE_OBJC_WEAK = YES;
				CLANG_WARN_BLOCK_CAPTURE_AUTORELEASING = YES;
				CLANG_WARN_BOOL_CONVERSION = YES;
				CLANG_WARN_COMMA = YES;
				CLANG_WARN_CONSTANT_CONVERSION = YES;
				CLANG_WARN_DEPRECATED_OBJC_IMPLEMENTATIONS = YES;
				CLANG_WARN_DIRECT_OBJC_ISA_USAGE = YES_ERROR;
				CLANG_WARN_DOCUMENTATION_COMMENTS = YES;
				CLANG_WARN_EMPTY_BODY = YES;
				CLANG_WARN_ENUM_CONVERSION = YES;
				CLANG_WARN_INFINITE_RECURSION = YES;
				CLANG_WARN_INT_CONVERSION = YES;
				CLANG_WARN_NON_LITERAL_NULL_CONVERSION = YES;
				CLANG_WARN_OBJC_IMPLICIT_RETAIN_SELF = YES;
				CLANG_WARN_OBJC_LITERAL_CONVERSION = YES;
				CLANG_WARN_OBJC_ROOT_CLASS = YES_ERROR;
				CLANG_WARN_QUOTED_INCLUDE_IN_FRAMEWORK_HEADER = YES;
				CLANG_WARN_RANGE_LOOP_ANALYSIS = YES;
				CLANG_WARN_STRICT_PROTOTYPES = YES;
				CLANG_WARN_SUSPICIOUS_MOVE = YES;
				CLANG_WARN_UNGUARDED_AVAILABILITY = YES_AGGRESSIVE;
				CLANG_WARN_UNREACHABLE_CODE = YES;
				CLANG_WARN__DUPLICATE_METHOD_MATCH = YES;
				COPY_PHASE_STRIP = NO;
				DEBUG_INFORMATION_FORMAT = "dwarf-with-dsym";
				ENABLE_STRICT_OBJC_MSGSEND = YES;
				ENABLE_TESTABILITY = YES;
				GCC_C_LANGUAGE_STANDARD = gnu11;
				GCC_DYNAMIC_NO_PIC = NO;
				GCC_NO_COMMON_BLOCKS = YES;
				GCC_OPTIMIZATION_LEVEL = 0;
				GCC_PREPROCESSOR_DEFINITIONS = (
					"DEBUG=1",
					"$(inherited)",
				);
				GCC_WARN_64_TO_32_BIT_CONVERSION = YES;
				GCC_WARN_ABOUT_RETURN_TYPE = YES_ERROR;
				GCC_WARN_UNDECLARED_SELECTOR = YES;
				GCC_WARN_UNINITIALIZED_AUTOS = YES_AGGRESSIVE;
				GCC_WARN_UNUSED_FUNCTION = YES;
				GCC_WARN_UNUSED_VARIABLE = YES;
				IPHONEOS_DEPLOYMENT_TARGET = 14.1;
				MTL_ENABLE_DEBUG_INFO = INCLUDE_SOURCE;
				MTL_FAST_MATH = YES;
				ONLY_ACTIVE_ARCH = YES;
				SDKROOT = iphoneos;
				SWIFT_ACTIVE_COMPILATION_CONDITIONS = DEBUG;
				SWIFT_OPTIMIZATION_LEVEL = "-Onone";
			};
			name = Debug;
		};
		7555FFA4242A565B00829871 /* Release */ = {
			isa = XCBuildConfiguration;
			buildSettings = {
				ALWAYS_SEARCH_USER_PATHS = NO;
				CLANG_ANALYZER_NONNULL = YES;
				CLANG_ANALYZER_NUMBER_OBJECT_CONVERSION = YES_AGGRESSIVE;
				CLANG_CXX_LANGUAGE_STANDARD = "gnu++14";
				CLANG_CXX_LIBRARY = "libc++";
				CLANG_ENABLE_MODULES = YES;
				CLANG_ENABLE_OBJC_ARC = YES;
				CLANG_ENABLE_OBJC_WEAK = YES;
				CLANG_WARN_BLOCK_CAPTURE_AUTORELEASING = YES;
				CLANG_WARN_BOOL_CONVERSION = YES;
				CLANG_WARN_COMMA = YES;
				CLANG_WARN_CONSTANT_CONVERSION = YES;
				CLANG_WARN_DEPRECATED_OBJC_IMPLEMENTATIONS = YES;
				CLANG_WARN_DIRECT_OBJC_ISA_USAGE = YES_ERROR;
				CLANG_WARN_DOCUMENTATION_COMMENTS = YES;
				CLANG_WARN_EMPTY_BODY = YES;
				CLANG_WARN_ENUM_CONVERSION = YES;
				CLANG_WARN_INFINITE_RECURSION = YES;
				CLANG_WARN_INT_CONVERSION = YES;
				CLANG_WARN_NON_LITERAL_NULL_CONVERSION = YES;
				CLANG_WARN_OBJC_IMPLICIT_RETAIN_SELF = YES;
				CLANG_WARN_OBJC_LITERAL_CONVERSION = YES;
				CLANG_WARN_OBJC_ROOT_CLASS = YES_ERROR;
				CLANG_WARN_QUOTED_INCLUDE_IN_FRAMEWORK_HEADER = YES;
				CLANG_WARN_RANGE_LOOP_ANALYSIS = YES;
				CLANG_WARN_STRICT_PROTOTYPES = YES;
				CLANG_WARN_SUSPICIOUS_MOVE = YES;
				CLANG_WARN_UNGUARDED_AVAILABILITY = YES_AGGRESSIVE;
				CLANG_WARN_UNREACHABLE_CODE = YES;
				CLANG_WARN__DUPLICATE_METHOD_MATCH = YES;
				COPY_PHASE_STRIP = NO;
				DEBUG_INFORMATION_FORMAT = "dwarf-with-dsym";
				ENABLE_NS_ASSERTIONS = NO;
				ENABLE_STRICT_OBJC_MSGSEND = YES;
				GCC_C_LANGUAGE_STANDARD = gnu11;
				GCC_NO_COMMON_BLOCKS = YES;
				GCC_WARN_64_TO_32_BIT_CONVERSION = YES;
				GCC_WARN_ABOUT_RETURN_TYPE = YES_ERROR;
				GCC_WARN_UNDECLARED_SELECTOR = YES;
				GCC_WARN_UNINITIALIZED_AUTOS = YES_AGGRESSIVE;
				GCC_WARN_UNUSED_FUNCTION = YES;
				GCC_WARN_UNUSED_VARIABLE = YES;
				IPHONEOS_DEPLOYMENT_TARGET = 14.1;
				MTL_ENABLE_DEBUG_INFO = NO;
				MTL_FAST_MATH = YES;
				SDKROOT = iphoneos;
				SWIFT_COMPILATION_MODE = wholemodule;
				SWIFT_OPTIMIZATION_LEVEL = "-O";
				VALIDATE_PRODUCT = YES;
			};
			name = Release;
		};
		7555FFA6242A565B00829871 /* Debug */ = {
			isa = XCBuildConfiguration;
			buildSettings = {
				ASSETCATALOG_COMPILER_APPICON_NAME = AppIcon;
				CODE_SIGN_STYLE = Automatic;
				DEVELOPMENT_ASSET_PATHS = "";
				DEVELOPMENT_TEAM = T8TH53QYXW;
				ENABLE_PREVIEWS = YES;
				FRAMEWORK_SEARCH_PATHS = (
					"$(inherited)",
					"$(SRCROOT)/../shared/build/xcode-frameworks/$(CONFIGURATION)/$(SDK_NAME)",
				);
				INFOPLIST_FILE = iosApp/Info.plist;
				INFOPLIST_KEY_CFBundleDisplayName = "Coin Watch";
				INFOPLIST_KEY_UILaunchStoryboardName = LaunchScreen;
				INFOPLIST_KEY_UIMainStoryboardFile = Main;
				IPHONEOS_DEPLOYMENT_TARGET = 16.0;
				LD_RUNPATH_SEARCH_PATHS = (
					"$(inherited)",
					"@executable_path/Frameworks",
				);
				OTHER_LDFLAGS = (
					"$(inherited)",
					"-framework",
					shared,
				);
				PRODUCT_BUNDLE_IDENTIFIER = orgIdentifier.iosApp;
				PRODUCT_NAME = "$(TARGET_NAME)";
				SWIFT_VERSION = 5.0;
				TARGETED_DEVICE_FAMILY = "1,2";
			};
			name = Debug;
		};
		7555FFA7242A565B00829871 /* Release */ = {
			isa = XCBuildConfiguration;
			buildSettings = {
				ASSETCATALOG_COMPILER_APPICON_NAME = AppIcon;
				CODE_SIGN_STYLE = Automatic;
				DEVELOPMENT_ASSET_PATHS = "";
				DEVELOPMENT_TEAM = T8TH53QYXW;
				ENABLE_PREVIEWS = YES;
				FRAMEWORK_SEARCH_PATHS = (
					"$(inherited)",
					"$(SRCROOT)/../shared/build/xcode-frameworks/$(CONFIGURATION)/$(SDK_NAME)",
				);
				INFOPLIST_FILE = iosApp/Info.plist;
				INFOPLIST_KEY_CFBundleDisplayName = "Coin Watch";
				INFOPLIST_KEY_UILaunchStoryboardName = LaunchScreen;
				INFOPLIST_KEY_UIMainStoryboardFile = Main;
				IPHONEOS_DEPLOYMENT_TARGET = 16.0;
				LD_RUNPATH_SEARCH_PATHS = (
					"$(inherited)",
					"@executable_path/Frameworks",
				);
				OTHER_LDFLAGS = (
					"$(inherited)",
					"-framework",
					shared,
				);
				PRODUCT_BUNDLE_IDENTIFIER = orgIdentifier.iosApp;
				PRODUCT_NAME = "$(TARGET_NAME)";
				SWIFT_VERSION = 5.0;
				TARGETED_DEVICE_FAMILY = "1,2";
			};
			name = Release;
		};
/* End XCBuildConfiguration section */

/* Begin XCConfigurationList section */
		7555FF76242A565900829871 /* Build configuration list for PBXProject "iosApp" */ = {
			isa = XCConfigurationList;
			buildConfigurations = (
				7555FFA3242A565B00829871 /* Debug */,
				7555FFA4242A565B00829871 /* Release */,
			);
			defaultConfigurationIsVisible = 0;
			defaultConfigurationName = Release;
		};
		7555FFA5242A565B00829871 /* Build configuration list for PBXNativeTarget "iosApp" */ = {
			isa = XCConfigurationList;
			buildConfigurations = (
				7555FFA6242A565B00829871 /* Debug */,
				7555FFA7242A565B00829871 /* Release */,
			);
			defaultConfigurationIsVisible = 0;
			defaultConfigurationName = Release;
		};
/* End XCConfigurationList section */
	};
	rootObject = 7555FF73242A565900829871 /* Project object */;
}
